
Microsoft Visual Studio Solution File, Format Version 12.00
# Visual Studio Version 17
VisualStudioVersion = 17.0.32126.317
MinimumVisualStudioVersion = 10.0.40219.1
Project("{FAE04EC0-301F-11D3-BF4B-00C04F79EFBC}") = "HashTableProgram", "HashTableProgram.csproj", "{650882EC-7372-4075-AD9B-194199015944}"
EndProject
Global
	GlobalSection(SolutionConfigurationPlatforms) = preSolution
		Debug|Any CPU = Debug|Any CPU
		Release|Any CPU = Release|Any CPU
	EndGlobalSection
	GlobalSection(ProjectConfigurationPlatforms) = postSolution
		{650882EC-7372-4075-AD9B-194199015944}.Debug|Any CPU.ActiveCfg = Debug|Any CPU
		{650882EC-7372-4075-AD9B-194199015944}.Debug|Any CPU.Build.0 = Debug|Any CPU
		{650882EC-7372-4075-AD9B-194199015944}.Release|Any CPU.ActiveCfg = Release|Any CPU
		{650882EC-7372-4075-AD9B-194199015944}.Release|Any CPU.Build.0 = Release|Any CPU
	EndGlobalSection
	GlobalSection(SolutionProperties) = preSolution
		HideSolutionNode = FALSE
	EndGlobalSection
	GlobalSection(ExtensibilityGlobals) = postSolution
		SolutionGuid = {5501C91F-D96F-485F-9DC5-A055C7F9E4F3}
	EndGlobalSection
EndGlobal
